{
  "name": "@fitfak/mail",
  "version": "2.0.0",
  "lockfileVersion": 3,
  "requires": true,
  "packages": {
    "": {
      "name": "@fitfak/mail",
      "version": "2.0.0",
      "license": "MIT",
      "bin": {
        "fitfak-mail": "bin/fitfak-mail.js",
        "fitfak-mail-cert": "bin/fitfak-mail-cert.js"
      },
      "engines": {
        "node": ">=20"
      },
      "peerDependencies": {
        "@fitfak/database": "*",
        "@fitfak/ssl": "*"
      },
      "peerDependenciesMeta": {
        "@fitfak/database": {
          "optional": false
        },
        "@fitfak/ssl": {
          "optional": false
        }
      }
    },
    "node_modules/@fitfak/database": {
      "version": "2.0.0",
      "resolved": "https://registry.npmjs.org/@fitfak/database/-/database-2.0.0.tgz",
      "integrity": "sha512-uqtMPcM8CHON7EY3dg3DWEsXz2vwwA5JlWxKd4Ux1P3LzVe2V86eoHZ/Dz0uYRvciHEBQqIpupxLn8DzVcLDlQ==",
      "license": "MIT",
      "peer": true,
      "dependencies": {
        "@fitfak/grpc": "^2.0.0"
      },
      "engines": {
        "node": ">=18"
      },
      "peerDependencies": {
        "@fitfak/ssl": "*"
      },
      "peerDependenciesMeta": {
        "@fitfak/ssl": {
          "optional": true
        }
      }
    },
    "node_modules/@fitfak/grpc": {
      "version": "2.0.0",
      "resolved": "https://registry.npmjs.org/@fitfak/grpc/-/grpc-2.0.0.tgz",
      "integrity": "sha512-+KjPJDO7TbppZuEmwz1LuKUNkw06YSJVcJUus/WOWupbUmG2nBJzzMC8nn3RWft7rw1yx+rp653f/O3QHoWXnA==",
      "license": "MIT",
      "peer": true,
      "engines": {
        "node": ">=18"
      }
    },
    "node_modules/@fitfak/ssl": {
      "version": "2.1.0",
      "resolved": "https://registry.npmjs.org/@fitfak/ssl/-/ssl-2.1.0.tgz",
      "integrity": "sha512-qoW6D+bLpVtO200dQ6uoXFwXvlprue+3e3MnOTWV8iRMCNXG0YzkQ0Ob7+3t10BqldhmE9nA37DEPr2P04MxQw==",
      "license": "MIT",
      "peer": true,
      "engines": {
        "node": ">=18.0.0"
      }
    }
  }
}
